
Microsoft Visual Studio Solution File, Format Version 12.00
# Visual Studio Version 16
VisualStudioVersion = 25.0.1706.5
MinimumVisualStudioVersion = 10.0.40219.1
Project("{FAE04EC0-301F-11D3-BF4B-00C04F79EFBC}") = "TrackingBenchmark", "TrackingBenchmark.csproj", "{6B47B6FA-1E0E-4AEA-8A42-75DEC1F83A99}"
EndProject
Global
	GlobalSection(SolutionConfigurationPlatforms) = preSolution
		Debug|Any CPU = Debug|Any CPU
		Release|Any CPU = Release|Any CPU
	EndGlobalSection
	GlobalSection(ProjectConfigurationPlatforms) = postSolution
		{6B47B6FA-1E0E-4AEA-8A42-75DEC1F83A99}.Debug|Any CPU.ActiveCfg = Debug|Any CPU
		{6B47B6FA-1E0E-4AEA-8A42-75DEC1F83A99}.Debug|Any CPU.Build.0 = Debug|Any CPU
		{6B47B6FA-1E0E-4AEA-8A42-75DEC1F83A99}.Release|Any CPU.ActiveCfg = Release|Any CPU
		{6B47B6FA-1E0E-4AEA-8A42-75DEC1F83A99}.Release|Any CPU.Build.0 = Release|Any CPU
	EndGlobalSection
	GlobalSection(SolutionProperties) = preSolution
		HideSolutionNode = FALSE
	EndGlobalSection
	GlobalSection(ExtensibilityGlobals) = postSolution
		SolutionGuid = {9F2EB3EE-E6E3-48BA-B958-B77699509363}
	EndGlobalSection
EndGlobal
